version = 1
requires-python = ">=3.13"

[[package]]
name = "iot"
version = "0.1.0"
source = { virtual = "." }
dependencies = [
    { name = "traci" },
]

[package.metadata]
requires-dist = [{ name = "traci", specifier = ">=1.22.0" }]

[[package]]
name = "sumolib"
version = "1.22.0"
source = { registry = "https://pypi.org/simple" }
sdist = { url = "https://files.pythonhosted.org/packages/d7/6f/efae14870acce20d7cab4171fde1378a1df3d8379307e02b4dde4a6922db/sumolib-1.22.0.tar.gz", hash = "sha256:55f5578bea6c9dd960790f8e89c87913f23514111472feac1d747bd0d891013e", size = 93643 }
wheels = [
    { url = "https://files.pythonhosted.org/packages/6a/bf/686c7577d9baaaec105ed75e7a245b79c7640cef570075f643a64dd80ae6/sumolib-1.22.0-py3-none-any.whl", hash = "sha256:22a1b0ecdaf2fa6a99df8ce0dfff50fbe56fd571002db70f5d2a1feb6b8a6d2c", size = 150909 },
]

[[package]]
name = "traci"
version = "1.22.0"
source = { registry = "https://pypi.org/simple" }
dependencies = [
    { name = "sumolib" },
]
sdist = { url = "https://files.pythonhosted.org/packages/fa/98/fec9616a11d66b2f516affec513035d657ea0b44c8a6060b3b4d10c01181/traci-1.22.0.tar.gz", hash = "sha256:ed5651b7e58bde3ed086ced8e5dc5cc8fb5dd5f951cf3b0d10a635678a7718f1", size = 94596 }
wheels = [
    { url = "https://files.pythonhosted.org/packages/39/37/385dc7473230e0ef3a43d5437e1d727ebdf8a8cc500791becae87f533e2b/traci-1.22.0-py3-none-any.whl", hash = "sha256:7d18009eb45bc56409a0edf7c5e5bae477a72c5d022d0da0739f611dcf9bba77", size = 126362 },
]
